dependencies:
- name: base-api
  repository: file://../base-api
  version: 0.1.0
- name: base-database
  repository: file://../base-database
  version: 0.1.0
- name: base-frontend
  repository: file://../base-frontend
  version: 0.1.0
- name: base-redis
  repository: file://../base-redis
  version: 0.1.0
digest: sha256:22a5609c3b58c419a55ff774dba12b40a8cb36ed9dcc8cbc57454f7ee1b5171a
generated: "2023-02-05T13:09:28.710764835+01:00"
